
Microsoft Visual Studio Solution File, Format Version 12.00
# Visual Studio Version 17
VisualStudioVersion = 17.3.32922.545
MinimumVisualStudioVersion = 10.0.40219.1
Project("{FAE04EC0-301F-11D3-BF4B-00C04F79EFBC}") = "Student_Registration_Assignment", "Student Registration Assignment\Student_Registration_Assignment.csproj", "{466E6C96-AC44-4D09-A52A-7D2D86583053}"
EndProject
Global
	GlobalSection(SolutionConfigurationPlatforms) = preSolution
		Debug|Any CPU = Debug|Any CPU
		Release|Any CPU = Release|Any CPU
	EndGlobalSection
	GlobalSection(ProjectConfigurationPlatforms) = postSolution
		{466E6C96-AC44-4D09-A52A-7D2D86583053}.Debug|Any CPU.ActiveCfg = Debug|Any CPU
		{466E6C96-AC44-4D09-A52A-7D2D86583053}.Debug|Any CPU.Build.0 = Debug|Any CPU
		{466E6C96-AC44-4D09-A52A-7D2D86583053}.Release|Any CPU.ActiveCfg = Release|Any CPU
		{466E6C96-AC44-4D09-A52A-7D2D86583053}.Release|Any CPU.Build.0 = Release|Any CPU
	EndGlobalSection
	GlobalSection(SolutionProperties) = preSolution
		HideSolutionNode = FALSE
	EndGlobalSection
	GlobalSection(ExtensibilityGlobals) = postSolution
		SolutionGuid = {1C4974C2-89C1-4AE8-82E0-9D8E59506705}
	EndGlobalSection
EndGlobal
